
Microsoft Visual Studio Solution File, Format Version 12.00
# Visual Studio Version 16
VisualStudioVersion = 16.0.29920.165
MinimumVisualStudioVersion = 10.0.40219.1
Project("{FAE04EC0-301F-11D3-BF4B-00C04F79EFBC}") = "CoffeeShopMenu", "CoffeeShopMenu.csproj", "{BC95C54B-6A24-4D7C-9F4F-BD821A2ACB37}"
EndProject
Global
	GlobalSection(SolutionConfigurationPlatforms) = preSolution
		Debug|Any CPU = Debug|Any CPU
		Release|Any CPU = Release|Any CPU
	EndGlobalSection
	GlobalSection(ProjectConfigurationPlatforms) = postSolution
		{BC95C54B-6A24-4D7C-9F4F-BD821A2ACB37}.Debug|Any CPU.ActiveCfg = Debug|Any CPU
		{BC95C54B-6A24-4D7C-9F4F-BD821A2ACB37}.Debug|Any CPU.Build.0 = Debug|Any CPU
		{BC95C54B-6A24-4D7C-9F4F-BD821A2ACB37}.Release|Any CPU.ActiveCfg = Release|Any CPU
		{BC95C54B-6A24-4D7C-9F4F-BD821A2ACB37}.Release|Any CPU.Build.0 = Release|Any CPU
	EndGlobalSection
	GlobalSection(SolutionProperties) = preSolution
		HideSolutionNode = FALSE
	EndGlobalSection
	GlobalSection(ExtensibilityGlobals) = postSolution
		SolutionGuid = {5BBBCF84-46D6-4DBE-9FD2-D6F4E7B4A92A}
	EndGlobalSection
EndGlobal
